# This file is autogenerated, do not edit; changes may be undone by the next 'dep ensure'.


[[projects]]
  branch = "master"
  name = "github.com/jstemmer/go-junit-report"
  packages = ["parser"]
  revision = "d9db44172dfb1d1ba6d68749e38ea73f64525e93"

[[projects]]
  branch = "master"
  name = "golang.org/x/sys"
  packages = ["unix"]
  revision = "f6cff0780e542efa0c8e864dc8fa522808f6a598"

[solve-meta]
  analyzer-name = "dep"
  analyzer-version = 1
  inputs-digest = "ef55364940c9953e43e2bceb6af27fc6b5c7f4dec838af0c2fc45592a9299091"
  solver-name = "gps-cdcl"
  solver-version = 1
